
Microsoft Visual Studio Solution File, Format Version 11.00
# Visual Studio 2010
Project("{FAE04EC0-301F-11D3-BF4B-00C04F79EFBC}") = "LineTest", "LineTest\LineTest.csproj", "{F78BBF50-A0E3-4FAD-93F9-60D065F4A89E}"
EndProject
Project("{FAE04EC0-301F-11D3-BF4B-00C04F79EFBC}") = "LineTest.Web", "LineTest.Web\LineTest.Web.csproj", "{7EA02A9E-2D4A-416C-B20E-69B43134FB19}"
EndProject
Global
	GlobalSection(SolutionConfigurationPlatforms) = preSolution
		Debug|Any CPU = Debug|Any CPU
		Release|Any CPU = Release|Any CPU
	EndGlobalSection
	GlobalSection(ProjectConfigurationPlatforms) = postSolution
		{F78BBF50-A0E3-4FAD-93F9-60D065F4A89E}.Debug|Any CPU.ActiveCfg = Debug|Any CPU
		{F78BBF50-A0E3-4FAD-93F9-60D065F4A89E}.Debug|Any CPU.Build.0 = Debug|Any CPU
		{F78BBF50-A0E3-4FAD-93F9-60D065F4A89E}.Release|Any CPU.ActiveCfg = Release|Any CPU
		{F78BBF50-A0E3-4FAD-93F9-60D065F4A89E}.Release|Any CPU.Build.0 = Release|Any CPU
		{7EA02A9E-2D4A-416C-B20E-69B43134FB19}.Debug|Any CPU.ActiveCfg = Debug|Any CPU
		{7EA02A9E-2D4A-416C-B20E-69B43134FB19}.Debug|Any CPU.Build.0 = Debug|Any CPU
		{7EA02A9E-2D4A-416C-B20E-69B43134FB19}.Release|Any CPU.ActiveCfg = Release|Any CPU
		{7EA02A9E-2D4A-416C-B20E-69B43134FB19}.Release|Any CPU.Build.0 = Release|Any CPU
	EndGlobalSection
	GlobalSection(SolutionProperties) = preSolution
		HideSolutionNode = FALSE
	EndGlobalSection
EndGlobal
